{
  "name": "js.for-nubs",
  "version": "1.0.0",
  "lockfileVersion": 1,
  "requires": true,
  "dependencies": {
    "@types/node": {
      "version": "13.13.51",
      "resolved": "https://registry.npmjs.org/@types/node/-/node-13.13.51.tgz",
      "integrity": "sha512-66/xg5I5Te4oGi5Jws11PtNmKkZbOPZWyBZZ/l5AOrWj1Dyw+6Ge/JhYTq/2/Yvdqyhrue8RL+DGI298OJ0xcg=="
    },
    "spress": {
      "version": "1.0.0",
      "resolved": "https://registry.npmjs.org/spress/-/spress-1.0.0.tgz",
      "integrity": "sha512-JrBap0em/W1SOYwohiM7FbcBsvAkvMp1BU6bONbK79c3S82nshK3dj6s6cMKLYhSrWJaaw8NefMv0wj2nqtiUw==",
      "requires": {
        "@types/node": "^13.13.5",
        "typescript": "^3.8.3"
      }
    },
    "typescript": {
      "version": "3.9.9",
      "resolved": "https://registry.npmjs.org/typescript/-/typescript-3.9.9.tgz",
      "integrity": "sha512-kdMjTiekY+z/ubJCATUPlRDl39vXYiMV9iyeMuEuXZh2we6zz80uovNN2WlAxmmdE/Z/YQe+EbOEXB5RHEED3w=="
    }
  }
}
